
Microsoft Visual Studio Solution File, Format Version 12.00
# Visual Studio Version 17
VisualStudioVersion = 17.5.002.0
MinimumVisualStudioVersion = 10.0.40219.1
Project("{2150E333-8FDC-42A3-9474-1A3956D46DE8}") = "Files", "Files", "{CA10CAE0-16F2-4554-AE41-F2BC71DF4E39}"
EndProject
Project("{9A19103F-16F7-4668-BE54-9A1E7A4F7556}") = "CreateFiles", "Files\CreateFiles\CreateFiles.csproj", "{852BD060-B2C3-480F-9525-0DE9FEEA269B}"
EndProject
Project("{9A19103F-16F7-4668-BE54-9A1E7A4F7556}") = "Directories", "Files\Directories\Directories.csproj", "{B8BFA86C-90CB-42CA-A185-61B6CE667D3F}"
EndProject
Project("{9A19103F-16F7-4668-BE54-9A1E7A4F7556}") = "FileInfo", "Files\FileInfo\FileInfo.csproj", "{A4A14B0C-ED64-4F10-9EF2-E11A16A0C045}"
EndProject
Project("{9A19103F-16F7-4668-BE54-9A1E7A4F7556}") = "ReadWriteFiles", "Files\ReadWriteFiles\ReadWriteFiles.csproj", "{D89636A4-C37F-4C51-AAD9-18719FF84B6D}"
EndProject
Project("{2150E333-8FDC-42A3-9474-1A3956D46DE8}") = "NumbersDates", "NumbersDates", "{9846AF32-2705-436B-B0D5-2CBC5A49530A}"
EndProject
Project("{9A19103F-16F7-4668-BE54-9A1E7A4F7556}") = "DateTimeClass", "NumbersDates\DateTimeClass\DateTimeClass.csproj", "{B83EB3EF-6F23-4728-9473-9BEF1FBF23CE}"
EndProject
Project("{9A19103F-16F7-4668-BE54-9A1E7A4F7556}") = "FormatDates", "NumbersDates\FormatDates\FormatDates.csproj", "{01903EFF-F3D5-4F0D-AA40-9CB4FD0AD4C1}"
EndProject
Project("{9A19103F-16F7-4668-BE54-9A1E7A4F7556}") = "FormatNumbers", "NumbersDates\FormatNumbers\FormatNumbers.csproj", "{8FD3B930-5B44-4AB8-97A2-DC1DD92FB66C}"
EndProject
Project("{9A19103F-16F7-4668-BE54-9A1E7A4F7556}") = "ParseDates", "NumbersDates\ParseDates\ParseDates.csproj", "{BF873328-164D-4C2D-8DBE-423FB31377C2}"
EndProject
Project("{9A19103F-16F7-4668-BE54-9A1E7A4F7556}") = "ParseNumbers", "NumbersDates\ParseNumbers\ParseNumbers.csproj", "{A6202891-4861-43C4-95E8-2D56EBF1A705}"
EndProject
Project("{2150E333-8FDC-42A3-9474-1A3956D46DE8}") = "Overview", "Overview", "{2296819F-4783-489E-AFDC-29CF8754A7B3}"
EndProject
Project("{9A19103F-16F7-4668-BE54-9A1E7A4F7556}") = "DataTypes", "Overview\DataTypes\DataTypes.csproj", "{BF72CD89-9C55-4810-BF13-E9A1AD86EB0B}"
EndProject
Project("{9A19103F-16F7-4668-BE54-9A1E7A4F7556}") = "GarbageCollect", "Overview\GarbageCollect\GarbageCollect.csproj", "{4924F98B-A7AE-402D-A62F-A148D9A942F7}"
EndProject
Project("{9A19103F-16F7-4668-BE54-9A1E7A4F7556}") = "MyConsoleApp", "Overview\MyConsoleApp\MyConsoleApp.csproj", "{0F253E83-B0E7-4239-8FD0-9D9A0F2B962B}"
EndProject
Project("{2150E333-8FDC-42A3-9474-1A3956D46DE8}") = "Regex", "Regex", "{E503EF73-9E2C-415E-A066-D509D7783FAA}"
EndProject
Project("{9A19103F-16F7-4668-BE54-9A1E7A4F7556}") = "Finding", "Regex\Finding\Finding.csproj", "{D3F615CB-BCFD-41D5-A0A4-0BCAE99106A5}"
EndProject
Project("{9A19103F-16F7-4668-BE54-9A1E7A4F7556}") = "Replacing", "Regex\Replacing\Replacing.csproj", "{86F6DDDC-D093-4962-8C6B-30E4BC1C3621}"
EndProject
Project("{9A19103F-16F7-4668-BE54-9A1E7A4F7556}") = "RegexTimeouts", "Regex\Timeouts\RegexTimeouts.csproj", "{302530BF-3EAC-450D-BB76-4E8C9D174FB5}"
EndProject
Project("{2150E333-8FDC-42A3-9474-1A3956D46DE8}") = "Strings", "Strings", "{117E1B75-3BD9-4A8C-A100-5539593C2BDC}"
EndProject
Project("{9A19103F-16F7-4668-BE54-9A1E7A4F7556}") = "Formatting", "Strings\Formatting\Formatting.csproj", "{D1FC0E11-A123-4921-9BBD-5DF181749A4A}"
EndProject
Project("{9A19103F-16F7-4668-BE54-9A1E7A4F7556}") = "Interpolation", "Strings\Interpolation\Interpolation.csproj", "{5757D000-936F-446D-AE90-1019AE87A592}"
EndProject
Project("{9A19103F-16F7-4668-BE54-9A1E7A4F7556}") = "Manipulation", "Strings\Manipulation\Manipulation.csproj", "{893E5C75-F7E4-46DD-BF6E-1594A4BB200C}"
EndProject
Project("{9A19103F-16F7-4668-BE54-9A1E7A4F7556}") = "Searching", "Strings\Searching\Searching.csproj", "{4B7EB5A2-0140-4181-921A-89ED761C5FD9}"
EndProject
Global
	GlobalSection(SolutionConfigurationPlatforms) = preSolution
		Debug|Any CPU = Debug|Any CPU
		Release|Any CPU = Release|Any CPU
	EndGlobalSection
	GlobalSection(ProjectConfigurationPlatforms) = postSolution
		{852BD060-B2C3-480F-9525-0DE9FEEA269B}.Debug|Any CPU.ActiveCfg = Debug|Any CPU
		{852BD060-B2C3-480F-9525-0DE9FEEA269B}.Debug|Any CPU.Build.0 = Debug|Any CPU
		{852BD060-B2C3-480F-9525-0DE9FEEA269B}.Release|Any CPU.ActiveCfg = Release|Any CPU
		{852BD060-B2C3-480F-9525-0DE9FEEA269B}.Release|Any CPU.Build.0 = Release|Any CPU
		{B8BFA86C-90CB-42CA-A185-61B6CE667D3F}.Debug|Any CPU.ActiveCfg = Debug|Any CPU
		{B8BFA86C-90CB-42CA-A185-61B6CE667D3F}.Debug|Any CPU.Build.0 = Debug|Any CPU
		{B8BFA86C-90CB-42CA-A185-61B6CE667D3F}.Release|Any CPU.ActiveCfg = Release|Any CPU
		{B8BFA86C-90CB-42CA-A185-61B6CE667D3F}.Release|Any CPU.Build.0 = Release|Any CPU
		{A4A14B0C-ED64-4F10-9EF2-E11A16A0C045}.Debug|Any CPU.ActiveCfg = Debug|Any CPU
		{A4A14B0C-ED64-4F10-9EF2-E11A16A0C045}.Debug|Any CPU.Build.0 = Debug|Any CPU
		{A4A14B0C-ED64-4F10-9EF2-E11A16A0C045}.Release|Any CPU.ActiveCfg = Release|Any CPU
		{A4A14B0C-ED64-4F10-9EF2-E11A16A0C045}.Release|Any CPU.Build.0 = Release|Any CPU
		{D89636A4-C37F-4C51-AAD9-18719FF84B6D}.Debug|Any CPU.ActiveCfg = Debug|Any CPU
		{D89636A4-C37F-4C51-AAD9-18719FF84B6D}.Debug|Any CPU.Build.0 = Debug|Any CPU
		{D89636A4-C37F-4C51-AAD9-18719FF84B6D}.Release|Any CPU.ActiveCfg = Release|Any CPU
		{D89636A4-C37F-4C51-AAD9-18719FF84B6D}.Release|Any CPU.Build.0 = Release|Any CPU
		{B83EB3EF-6F23-4728-9473-9BEF1FBF23CE}.Debug|Any CPU.ActiveCfg = Debug|Any CPU
		{B83EB3EF-6F23-4728-9473-9BEF1FBF23CE}.Debug|Any CPU.Build.0 = Debug|Any CPU
		{B83EB3EF-6F23-4728-9473-9BEF1FBF23CE}.Release|Any CPU.ActiveCfg = Release|Any CPU
		{B83EB3EF-6F23-4728-9473-9BEF1FBF23CE}.Release|Any CPU.Build.0 = Release|Any CPU
		{01903EFF-F3D5-4F0D-AA40-9CB4FD0AD4C1}.Debug|Any CPU.ActiveCfg = Debug|Any CPU
		{01903EFF-F3D5-4F0D-AA40-9CB4FD0AD4C1}.Debug|Any CPU.Build.0 = Debug|Any CPU
		{01903EFF-F3D5-4F0D-AA40-9CB4FD0AD4C1}.Release|Any CPU.ActiveCfg = Release|Any CPU
		{01903EFF-F3D5-4F0D-AA40-9CB4FD0AD4C1}.Release|Any CPU.Build.0 = Release|Any CPU
		{8FD3B930-5B44-4AB8-97A2-DC1DD92FB66C}.Debug|Any CPU.ActiveCfg = Debug|Any CPU
		{8FD3B930-5B44-4AB8-97A2-DC1DD92FB66C}.Debug|Any CPU.Build.0 = Debug|Any CPU
		{8FD3B930-5B44-4AB8-97A2-DC1DD92FB66C}.Release|Any CPU.ActiveCfg = Release|Any CPU
		{8FD3B930-5B44-4AB8-97A2-DC1DD92FB66C}.Release|Any CPU.Build.0 = Release|Any CPU
		{BF873328-164D-4C2D-8DBE-423FB31377C2}.Debug|Any CPU.ActiveCfg = Debug|Any CPU
		{BF873328-164D-4C2D-8DBE-423FB31377C2}.Debug|Any CPU.Build.0 = Debug|Any CPU
		{BF873328-164D-4C2D-8DBE-423FB31377C2}.Release|Any CPU.ActiveCfg = Release|Any CPU
		{BF873328-164D-4C2D-8DBE-423FB31377C2}.Release|Any CPU.Build.0 = Release|Any CPU
		{A6202891-4861-43C4-95E8-2D56EBF1A705}.Debug|Any CPU.ActiveCfg = Debug|Any CPU
		{A6202891-4861-43C4-95E8-2D56EBF1A705}.Debug|Any CPU.Build.0 = Debug|Any CPU
		{A6202891-4861-43C4-95E8-2D56EBF1A705}.Release|Any CPU.ActiveCfg = Release|Any CPU
		{A6202891-4861-43C4-95E8-2D56EBF1A705}.Release|Any CPU.Build.0 = Release|Any CPU
		{BF72CD89-9C55-4810-BF13-E9A1AD86EB0B}.Debug|Any CPU.ActiveCfg = Debug|Any CPU
		{BF72CD89-9C55-4810-BF13-E9A1AD86EB0B}.Debug|Any CPU.Build.0 = Debug|Any CPU
		{BF72CD89-9C55-4810-BF13-E9A1AD86EB0B}.Release|Any CPU.ActiveCfg = Release|Any CPU
		{BF72CD89-9C55-4810-BF13-E9A1AD86EB0B}.Release|Any CPU.Build.0 = Release|Any CPU
		{4924F98B-A7AE-402D-A62F-A148D9A942F7}.Debug|Any CPU.ActiveCfg = Debug|Any CPU
		{4924F98B-A7AE-402D-A62F-A148D9A942F7}.Debug|Any CPU.Build.0 = Debug|Any CPU
		{4924F98B-A7AE-402D-A62F-A148D9A942F7}.Release|Any CPU.ActiveCfg = Release|Any CPU
		{4924F98B-A7AE-402D-A62F-A148D9A942F7}.Release|Any CPU.Build.0 = Release|Any CPU
		{0F253E83-B0E7-4239-8FD0-9D9A0F2B962B}.Debug|Any CPU.ActiveCfg = Debug|Any CPU
		{0F253E83-B0E7-4239-8FD0-9D9A0F2B962B}.Debug|Any CPU.Build.0 = Debug|Any CPU
		{0F253E83-B0E7-4239-8FD0-9D9A0F2B962B}.Release|Any CPU.ActiveCfg = Release|Any CPU
		{0F253E83-B0E7-4239-8FD0-9D9A0F2B962B}.Release|Any CPU.Build.0 = Release|Any CPU
		{D3F615CB-BCFD-41D5-A0A4-0BCAE99106A5}.Debug|Any CPU.ActiveCfg = Debug|Any CPU
		{D3F615CB-BCFD-41D5-A0A4-0BCAE99106A5}.Debug|Any CPU.Build.0 = Debug|Any CPU
		{D3F615CB-BCFD-41D5-A0A4-0BCAE99106A5}.Release|Any CPU.ActiveCfg = Release|Any CPU
		{D3F615CB-BCFD-41D5-A0A4-0BCAE99106A5}.Release|Any CPU.Build.0 = Release|Any CPU
		{86F6DDDC-D093-4962-8C6B-30E4BC1C3621}.Debug|Any CPU.ActiveCfg = Debug|Any CPU
		{86F6DDDC-D093-4962-8C6B-30E4BC1C3621}.Debug|Any CPU.Build.0 = Debug|Any CPU
		{86F6DDDC-D093-4962-8C6B-30E4BC1C3621}.Release|Any CPU.ActiveCfg = Release|Any CPU
		{86F6DDDC-D093-4962-8C6B-30E4BC1C3621}.Release|Any CPU.Build.0 = Release|Any CPU
		{302530BF-3EAC-450D-BB76-4E8C9D174FB5}.Debug|Any CPU.ActiveCfg = Debug|Any CPU
		{302530BF-3EAC-450D-BB76-4E8C9D174FB5}.Debug|Any CPU.Build.0 = Debug|Any CPU
		{302530BF-3EAC-450D-BB76-4E8C9D174FB5}.Release|Any CPU.ActiveCfg = Release|Any CPU
		{302530BF-3EAC-450D-BB76-4E8C9D174FB5}.Release|Any CPU.Build.0 = Release|Any CPU
		{D1FC0E11-A123-4921-9BBD-5DF181749A4A}.Debug|Any CPU.ActiveCfg = Debug|Any CPU
		{D1FC0E11-A123-4921-9BBD-5DF181749A4A}.Debug|Any CPU.Build.0 = Debug|Any CPU
		{D1FC0E11-A123-4921-9BBD-5DF181749A4A}.Release|Any CPU.ActiveCfg = Release|Any CPU
		{D1FC0E11-A123-4921-9BBD-5DF181749A4A}.Release|Any CPU.Build.0 = Release|Any CPU
		{5757D000-936F-446D-AE90-1019AE87A592}.Debug|Any CPU.ActiveCfg = Debug|Any CPU
		{5757D000-936F-446D-AE90-1019AE87A592}.Debug|Any CPU.Build.0 = Debug|Any CPU
		{5757D000-936F-446D-AE90-1019AE87A592}.Release|Any CPU.ActiveCfg = Release|Any CPU
		{5757D000-936F-446D-AE90-1019AE87A592}.Release|Any CPU.Build.0 = Release|Any CPU
		{893E5C75-F7E4-46DD-BF6E-1594A4BB200C}.Debug|Any CPU.ActiveCfg = Debug|Any CPU
		{893E5C75-F7E4-46DD-BF6E-1594A4BB200C}.Debug|Any CPU.Build.0 = Debug|Any CPU
		{893E5C75-F7E4-46DD-BF6E-1594A4BB200C}.Release|Any CPU.ActiveCfg = Release|Any CPU
		{893E5C75-F7E4-46DD-BF6E-1594A4BB200C}.Release|Any CPU.Build.0 = Release|Any CPU
		{4B7EB5A2-0140-4181-921A-89ED761C5FD9}.Debug|Any CPU.ActiveCfg = Debug|Any CPU
		{4B7EB5A2-0140-4181-921A-89ED761C5FD9}.Debug|Any CPU.Build.0 = Debug|Any CPU
		{4B7EB5A2-0140-4181-921A-89ED761C5FD9}.Release|Any CPU.ActiveCfg = Release|Any CPU
		{4B7EB5A2-0140-4181-921A-89ED761C5FD9}.Release|Any CPU.Build.0 = Release|Any CPU
	EndGlobalSection
	GlobalSection(SolutionProperties) = preSolution
		HideSolutionNode = FALSE
	EndGlobalSection
	GlobalSection(NestedProjects) = preSolution
		{852BD060-B2C3-480F-9525-0DE9FEEA269B} = {CA10CAE0-16F2-4554-AE41-F2BC71DF4E39}
		{B8BFA86C-90CB-42CA-A185-61B6CE667D3F} = {CA10CAE0-16F2-4554-AE41-F2BC71DF4E39}
		{A4A14B0C-ED64-4F10-9EF2-E11A16A0C045} = {CA10CAE0-16F2-4554-AE41-F2BC71DF4E39}
		{D89636A4-C37F-4C51-AAD9-18719FF84B6D} = {CA10CAE0-16F2-4554-AE41-F2BC71DF4E39}
		{B83EB3EF-6F23-4728-9473-9BEF1FBF23CE} = {9846AF32-2705-436B-B0D5-2CBC5A49530A}
		{01903EFF-F3D5-4F0D-AA40-9CB4FD0AD4C1} = {9846AF32-2705-436B-B0D5-2CBC5A49530A}
		{8FD3B930-5B44-4AB8-97A2-DC1DD92FB66C} = {9846AF32-2705-436B-B0D5-2CBC5A49530A}
		{BF873328-164D-4C2D-8DBE-423FB31377C2} = {9846AF32-2705-436B-B0D5-2CBC5A49530A}
		{A6202891-4861-43C4-95E8-2D56EBF1A705} = {9846AF32-2705-436B-B0D5-2CBC5A49530A}
		{BF72CD89-9C55-4810-BF13-E9A1AD86EB0B} = {2296819F-4783-489E-AFDC-29CF8754A7B3}
		{4924F98B-A7AE-402D-A62F-A148D9A942F7} = {2296819F-4783-489E-AFDC-29CF8754A7B3}
		{0F253E83-B0E7-4239-8FD0-9D9A0F2B962B} = {2296819F-4783-489E-AFDC-29CF8754A7B3}
		{D3F615CB-BCFD-41D5-A0A4-0BCAE99106A5} = {E503EF73-9E2C-415E-A066-D509D7783FAA}
		{86F6DDDC-D093-4962-8C6B-30E4BC1C3621} = {E503EF73-9E2C-415E-A066-D509D7783FAA}
		{302530BF-3EAC-450D-BB76-4E8C9D174FB5} = {E503EF73-9E2C-415E-A066-D509D7783FAA}
		{D1FC0E11-A123-4921-9BBD-5DF181749A4A} = {117E1B75-3BD9-4A8C-A100-5539593C2BDC}
		{5757D000-936F-446D-AE90-1019AE87A592} = {117E1B75-3BD9-4A8C-A100-5539593C2BDC}
		{893E5C75-F7E4-46DD-BF6E-1594A4BB200C} = {117E1B75-3BD9-4A8C-A100-5539593C2BDC}
		{4B7EB5A2-0140-4181-921A-89ED761C5FD9} = {117E1B75-3BD9-4A8C-A100-5539593C2BDC}
	EndGlobalSection
	GlobalSection(ExtensibilityGlobals) = postSolution
		SolutionGuid = {22C3479E-6ACC-41C9-B7C3-8D53D0AF83A4}
	EndGlobalSection
EndGlobal
